# Prisma Migrate lockfile v1

20201118000002-init
20201118000507-rename
20201118001626-i
20201118010221-partner
20201118010456
20201118094032
20201118103450
20201122171444
20201122172117
20201123231816
20201128134428
20201128141553
20201128162700
20201128162728
20201128165609
20201128174535
20201128174718
20201128180101
20201128201358
20201201193429
20201202161759
20201227182920-badge-add
20201227184410
20201227185222
20210101135610
20210101135945
20210102155302
20210102155337
20210211232403